
Microsoft Visual Studio Solution File, Format Version 12.00
# Visual Studio Version 17
VisualStudioVersion = 17.7.34031.279
MinimumVisualStudioVersion = 10.0.40219.1
Project("{FAE04EC0-301F-11D3-BF4B-00C04F79EFBC}") = "ResHub", "ResHub.csproj", "{1E32EE11-C07E-412D-B363-CCD52C7C14EE}"
EndProject
Global
	GlobalSection(SolutionConfigurationPlatforms) = preSolution
		Debug|Any CPU = Debug|Any CPU
		Release|Any CPU = Release|Any CPU
	EndGlobalSection
	GlobalSection(ProjectConfigurationPlatforms) = postSolution
		{1E32EE11-C07E-412D-B363-CCD52C7C14EE}.Debug|Any CPU.ActiveCfg = Debug|Any CPU
		{1E32EE11-C07E-412D-B363-CCD52C7C14EE}.Debug|Any CPU.Build.0 = Debug|Any CPU
		{1E32EE11-C07E-412D-B363-CCD52C7C14EE}.Release|Any CPU.ActiveCfg = Release|Any CPU
		{1E32EE11-C07E-412D-B363-CCD52C7C14EE}.Release|Any CPU.Build.0 = Release|Any CPU
	EndGlobalSection
	GlobalSection(SolutionProperties) = preSolution
		HideSolutionNode = FALSE
	EndGlobalSection
	GlobalSection(ExtensibilityGlobals) = postSolution
		SolutionGuid = {B9AB3FF5-2410-4DC6-A39D-52250647D634}
	EndGlobalSection
EndGlobal
